// !$*UTF8*$!
{
	archiveVersion = 1;
	classes = {
	};
	objectVersion = 55;
	objects = {

/* Begin PBXBuildFile section */
		752EE8232869E26C0030808D /* JsonExportFile.swift in Sources */ = {isa = PBXBuildFile; fileRef = 752EE8222869E26C0030808D /* JsonExportFile.swift */; };
		754A7CD62860AA9800B306DA /* Card.swift in Sources */ = {isa = PBXBuildFile; fileRef = 754A7CD52860AA9800B306DA /* Card.swift */; };
		754A7CD82860AADD00B306DA /* CardType.swift in Sources */ = {isa = PBXBuildFile; fileRef = 754A7CD72860AADD00B306DA /* CardType.swift */; };
		754A7CDA2860B39D00B306DA /* Pack.swift in Sources */ = {isa = PBXBuildFile; fileRef = 754A7CD92860B39D00B306DA /* Pack.swift */; };
		754A7CDE2860DDF700B306DA /* ModelData.swift in Sources */ = {isa = PBXBuildFile; fileRef = 754A7CDD2860DDF700B306DA /* ModelData.swift */; };
		754A7CE02860E4DD00B306DA /* PackRow.swift in Sources */ = {isa = PBXBuildFile; fileRef = 754A7CDF2860E4DD00B306DA /* PackRow.swift */; };
		754A7CE22860E7AA00B306DA /* PacksData.json in Resources */ = {isa = PBXBuildFile; fileRef = 754A7CE12860E7AA00B306DA /* PacksData.json */; };
		754A7CE42860EA4200B306DA /* PackList.swift in Sources */ = {isa = PBXBuildFile; fileRef = 754A7CE32860EA4200B306DA /* PackList.swift */; };
		754A7CE62860F38700B306DA /* PackDetail.swift in Sources */ = {isa = PBXBuildFile; fileRef = 754A7CE52860F38700B306DA /* PackDetail.swift */; };
		754A7CEA2861AEF500B306DA /* CardCell.swift in Sources */ = {isa = PBXBuildFile; fileRef = 754A7CE92861AEF500B306DA /* CardCell.swift */; };
		754A7CEC2861B4F500B306DA /* CardList.swift in Sources */ = {isa = PBXBuildFile; fileRef = 754A7CEB2861B4F500B306DA /* CardList.swift */; };
		754A7CEE2861B58200B306DA /* CardDetail.swift in Sources */ = {isa = PBXBuildFile; fileRef = 754A7CED2861B58200B306DA /* CardDetail.swift */; };
		7550EDE3285F95B90006B577 /* karrtzApp.swift in Sources */ = {isa = PBXBuildFile; fileRef = 7550EDE2285F95B90006B577 /* karrtzApp.swift */; };
		7550EDE7285F95BB0006B577 /* Assets.xcassets in Resources */ = {isa = PBXBuildFile; fileRef = 7550EDE6285F95BB0006B577 /* Assets.xcassets */; };
		7550EDEA285F95BB0006B577 /* Preview Assets.xcassets in Resources */ = {isa = PBXBuildFile; fileRef = 7550EDE9285F95BB0006B577 /* Preview Assets.xcassets */; };
		7550EDEC285F95BB0006B577 /* Persistence.swift in Sources */ = {isa = PBXBuildFile; fileRef = 7550EDEB285F95BB0006B577 /* Persistence.swift */; };
		7550EDEF285F95BB0006B577 /* karrtz.xcdatamodeld in Sources */ = {isa = PBXBuildFile; fileRef = 7550EDED285F95BB0006B577 /* karrtz.xcdatamodeld */; };
		7550EDF9285F95BB0006B577 /* karrtzTests.swift in Sources */ = {isa = PBXBuildFile; fileRef = 7550EDF8285F95BB0006B577 /* karrtzTests.swift */; };
		7550EE03285F95BB0006B577 /* karrtzUITests.swift in Sources */ = {isa = PBXBuildFile; fileRef = 7550EE02285F95BB0006B577 /* karrtzUITests.swift */; };
		7550EE05285F95BB0006B577 /* karrtzUITestsLaunchTests.swift in Sources */ = {isa = PBXBuildFile; fileRef = 7550EE04285F95BB0006B577 /* karrtzUITestsLaunchTests.swift */; };
		7550EE11285F9D8F0006B577 /* ContentView.swift in Sources */ = {isa = PBXBuildFile; fileRef = 7550EDE4285F95B90006B577 /* ContentView.swift */; };
		7550EE12285F9D8F0006B577 /* ContentView.swift in Sources */ = {isa = PBXBuildFile; fileRef = 7550EDE4285F95B90006B577 /* ContentView.swift */; };
		7550EE13285FB1040006B577 /* ContentView.swift in Sources */ = {isa = PBXBuildFile; fileRef = 7550EDE4285F95B90006B577 /* ContentView.swift */; };
/* End PBXBuildFile section */

/* Begin PBXContainerItemProxy section */
		7550EDF5285F95BB0006B577 /* PBXContainerItemProxy */ = {
			isa = PBXContainerItemProxy;
			containerPortal = 7550EDD7285F95B90006B577 /* Project object */;
			proxyType = 1;
			remoteGlobalIDString = 7550EDDE285F95B90006B577;
			remoteInfo = karrtz;
		};
		7550EDFF285F95BB0006B577 /* PBXContainerItemProxy */ = {
			isa = PBXContainerItemProxy;
			containerPortal = 7550EDD7285F95B90006B577 /* Project object */;
			proxyType = 1;
			remoteGlobalIDString = 7550EDDE285F95B90006B577;
			remoteInfo = karrtz;
		};
/* End PBXContainerItemProxy section */

/* Begin PBXFileReference section */
		752EE8222869E26C0030808D /* JsonExportFile.swift */ = {isa = PBXFileReference; fileEncoding = 4; lastKnownFileType = sourcecode.swift; name = JsonExportFile.swift; path = ../../../../../../../.Trash/JsonExportFile.swift; sourceTree = "<group>"; };
		754A7CD52860AA9800B306DA /* Card.swift */ = {isa = PBXFileReference; lastKnownFileType = sourcecode.swift; path = Card.swift; sourceTree = "<group>"; };
		754A7CD72860AADD00B306DA /* CardType.swift */ = {isa = PBXFileReference; lastKnownFileType = sourcecode.swift; path = CardType.swift; sourceTree = "<group>"; };
		754A7CD92860B39D00B306DA /* Pack.swift */ = {isa = PBXFileReference; lastKnownFileType = sourcecode.swift; path = Pack.swift; sourceTree = "<group>"; };
		754A7CDD2860DDF700B306DA /* ModelData.swift */ = {isa = PBXFileReference; lastKnownFileType = sourcecode.swift; path = ModelData.swift; sourceTree = "<group>"; };
		754A7CDF2860E4DD00B306DA /* PackRow.swift */ = {isa = PBXFileReference; lastKnownFileType = sourcecode.swift; path = PackRow.swift; sourceTree = "<group>"; };
		754A7CE12860E7AA00B306DA /* PacksData.json */ = {isa = PBXFileReference; fileEncoding = 4; lastKnownFileType = text.json; path = PacksData.json; sourceTree = "<group>"; };
		754A7CE32860EA4200B306DA /* PackList.swift */ = {isa = PBXFileReference; lastKnownFileType = sourcecode.swift; path = PackList.swift; sourceTree = "<group>"; };
		754A7CE52860F38700B306DA /* PackDetail.swift */ = {isa = PBXFileReference; lastKnownFileType = sourcecode.swift; path = PackDetail.swift; sourceTree = "<group>"; };
		754A7CE92861AEF500B306DA /* CardCell.swift */ = {isa = PBXFileReference; lastKnownFileType = sourcecode.swift; path = CardCell.swift; sourceTree = "<group>"; };
		754A7CEB2861B4F500B306DA /* CardList.swift */ = {isa = PBXFileReference; lastKnownFileType = sourcecode.swift; path = CardList.swift; sourceTree = "<group>"; };
		754A7CED2861B58200B306DA /* CardDetail.swift */ = {isa = PBXFileReference; lastKnownFileType = sourcecode.swift; path = CardDetail.swift; sourceTree = "<group>"; };
		7550EDDF285F95B90006B577 /* karrtz.app */ = {isa = PBXFileReference; explicitFileType = wrapper.application; includeInIndex = 0; path = karrtz.app; sourceTree = BUILT_PRODUCTS_DIR; };
		7550EDE2285F95B90006B577 /* karrtzApp.swift */ = {isa = PBXFileReference; lastKnownFileType = sourcecode.swift; path = karrtzApp.swift; sourceTree = "<group>"; };
		7550EDE4285F95B90006B577 /* ContentView.swift */ = {isa = PBXFileReference; explicitFileType = sourcecode.swift; name = ContentView.swift; path = karrtz/views/ContentView.swift; sourceTree = SOURCE_ROOT; };
		7550EDE6285F95BB0006B577 /* Assets.xcassets */ = {isa = PBXFileReference; lastKnownFileType = folder.assetcatalog; path = Assets.xcassets; sourceTree = "<group>"; };
		7550EDE9285F95BB0006B577 /* Preview Assets.xcassets */ = {isa = PBXFileReference; lastKnownFileType = folder.assetcatalog; path = "Preview Assets.xcassets"; sourceTree = "<group>"; };
		7550EDEB285F95BB0006B577 /* Persistence.swift */ = {isa = PBXFileReference; lastKnownFileType = sourcecode.swift; path = Persistence.swift; sourceTree = "<group>"; };
		7550EDEE285F95BB0006B577 /* karrtz.xcdatamodel */ = {isa = PBXFileReference; lastKnownFileType = wrapper.xcdatamodel; path = karrtz.xcdatamodel; sourceTree = "<group>"; };
		7550EDF4285F95BB0006B577 /* karrtzTests.xctest */ = {isa = PBXFileReference; explicitFileType = wrapper.cfbundle; includeInIndex = 0; path = karrtzTests.xctest; sourceTree = BUILT_PRODUCTS_DIR; };
		7550EDF8285F95BB0006B577 /* karrtzTests.swift */ = {isa = PBXFileReference; lastKnownFileType = sourcecode.swift; path = karrtzTests.swift; sourceTree = "<group>"; };
		7550EDFE285F95BB0006B577 /* karrtzUITests.xctest */ = {isa = PBXFileReference; explicitFileType = wrapper.cfbundle; includeInIndex = 0; path = karrtzUITests.xctest; sourceTree = BUILT_PRODUCTS_DIR; };
		7550EE02285F95BB0006B577 /* karrtzUITests.swift */ = {isa = PBXFileReference; lastKnownFileType = sourcecode.swift; path = karrtzUITests.swift; sourceTree = "<group>"; };
		7550EE04285F95BB0006B577 /* karrtzUITestsLaunchTests.swift */ = {isa = PBXFileReference; lastKnownFileType = sourcecode.swift; path = karrtzUITestsLaunchTests.swift; sourceTree = "<group>"; };
/* End PBXFileReference section */

/* Begin PBXFrameworksBuildPhase section */
		7550EDDC285F95B90006B577 /* Frameworks */ = {
			isa = PBXFrameworksBuildPhase;
			buildActionMask = 2147483647;
			files = (
			);
			runOnlyForDeploymentPostprocessing = 0;
		};
		7550EDF1285F95BB0006B577 /* Frameworks */ = {
			isa = PBXFrameworksBuildPhase;
			buildActionMask = 2147483647;
			files = (
			);
			runOnlyForDeploymentPostprocessing = 0;
		};
		7550EDFB285F95BB0006B577 /* Frameworks */ = {
			isa = PBXFrameworksBuildPhase;
			buildActionMask = 2147483647;
			files = (
			);
			runOnlyForDeploymentPostprocessing = 0;
		};
/* End PBXFrameworksBuildPhase section */

/* Begin PBXGroup section */
		754A7CD42860AA7900B306DA /* model */ = {
			isa = PBXGroup;
			children = (
				752EE8222869E26C0030808D /* JsonExportFile.swift */,
				754A7CDD2860DDF700B306DA /* ModelData.swift */,
				754A7CD52860AA9800B306DA /* Card.swift */,
				754A7CD72860AADD00B306DA /* CardType.swift */,
				754A7CD92860B39D00B306DA /* Pack.swift */,
			);
			path = model;
			sourceTree = "<group>";
		};
		754A7CDB2860DBA400B306DA /* resources */ = {
			isa = PBXGroup;
			children = (
				754A7CE12860E7AA00B306DA /* PacksData.json */,
			);
			path = resources;
			sourceTree = "<group>";
		};
		754A7CDC2860DDBF00B306DA /* views */ = {
			isa = PBXGroup;
			children = (
				754A7CE82860F6FC00B306DA /* card */,
				754A7CE72860F6E100B306DA /* pack */,
				7550EDE4285F95B90006B577 /* ContentView.swift */,
			);
			path = views;
			sourceTree = "<group>";
		};
		754A7CE72860F6E100B306DA /* pack */ = {
			isa = PBXGroup;
			children = (
				754A7CDF2860E4DD00B306DA /* PackRow.swift */,
				754A7CE32860EA4200B306DA /* PackList.swift */,
				754A7CE52860F38700B306DA /* PackDetail.swift */,
			);
			path = pack;
			sourceTree = "<group>";
		};
		754A7CE82860F6FC00B306DA /* card */ = {
			isa = PBXGroup;
			children = (
				754A7CE92861AEF500B306DA /* CardCell.swift */,
				754A7CEB2861B4F500B306DA /* CardList.swift */,
				754A7CED2861B58200B306DA /* CardDetail.swift */,
			);
			path = card;
			sourceTree = "<group>";
		};
		7550EDD6285F95B90006B577 = {
			isa = PBXGroup;
			children = (
				7550EDE1285F95B90006B577 /* karrtz */,
				7550EDF7285F95BB0006B577 /* karrtzTests */,
				7550EE01285F95BB0006B577 /* karrtzUITests */,
				7550EDE0285F95B90006B577 /* Products */,
			);
			sourceTree = "<group>";
		};
		7550EDE0285F95B90006B577 /* Products */ = {
			isa = PBXGroup;
			children = (
				7550EDDF285F95B90006B577 /* karrtz.app */,
				7550EDF4285F95BB0006B577 /* karrtzTests.xctest */,
				7550EDFE285F95BB0006B577 /* karrtzUITests.xctest */,
			);
			name = Products;
			sourceTree = "<group>";
		};
		7550EDE1285F95B90006B577 /* karrtz */ = {
			isa = PBXGroup;
			children = (
				754A7CDC2860DDBF00B306DA /* views */,
				754A7CDB2860DBA400B306DA /* resources */,
				754A7CD42860AA7900B306DA /* model */,
				7550EDE2285F95B90006B577 /* karrtzApp.swift */,
				7550EDE6285F95BB0006B577 /* Assets.xcassets */,
				7550EDEB285F95BB0006B577 /* Persistence.swift */,
				7550EDED285F95BB0006B577 /* karrtz.xcdatamodeld */,
				7550EDE8285F95BB0006B577 /* Preview Content */,
			);
			path = karrtz;
			sourceTree = "<group>";
		};
		7550EDE8285F95BB0006B577 /* Preview Content */ = {
			isa = PBXGroup;
			children = (
				7550EDE9285F95BB0006B577 /* Preview Assets.xcassets */,
			);
			path = "Preview Content";
			sourceTree = "<group>";
		};
		7550EDF7285F95BB0006B577 /* karrtzTests */ = {
			isa = PBXGroup;
			children = (
				7550EDF8285F95BB0006B577 /* karrtzTests.swift */,
			);
			path = karrtzTests;
			sourceTree = "<group>";
		};
		7550EE01285F95BB0006B577 /* karrtzUITests */ = {
			isa = PBXGroup;
			children = (
				7550EE02285F95BB0006B577 /* karrtzUITests.swift */,
				7550EE04285F95BB0006B577 /* karrtzUITestsLaunchTests.swift */,
			);
			path = karrtzUITests;
			sourceTree = "<group>";
		};
/* End PBXGroup section */

/* Begin PBXNativeTarget section */
		7550EDDE285F95B90006B577 /* karrtz */ = {
			isa = PBXNativeTarget;
			buildConfigurationList = 7550EE08285F95BB0006B577 /* Build configuration list for PBXNativeTarget "karrtz" */;
			buildPhases = (
				7550EDDB285F95B90006B577 /* Sources */,
				7550EDDC285F95B90006B577 /* Frameworks */,
				7550EDDD285F95B90006B577 /* Resources */,
			);
			buildRules = (
			);
			dependencies = (
			);
			name = karrtz;
			productName = karrtz;
			productReference = 7550EDDF285F95B90006B577 /* karrtz.app */;
			productType = "com.apple.product-type.application";
		};
		7550EDF3285F95BB0006B577 /* karrtzTests */ = {
			isa = PBXNativeTarget;
			buildConfigurationList = 7550EE0B285F95BB0006B577 /* Build configuration list for PBXNativeTarget "karrtzTests" */;
			buildPhases = (
				7550EDF0285F95BB0006B577 /* Sources */,
				7550EDF1285F95BB0006B577 /* Frameworks */,
				7550EDF2285F95BB0006B577 /* Resources */,
			);
			buildRules = (
			);
			dependencies = (
				7550EDF6285F95BB0006B577 /* PBXTargetDependency */,
			);
			name = karrtzTests;
			productName = karrtzTests;
			productReference = 7550EDF4285F95BB0006B577 /* karrtzTests.xctest */;
			productType = "com.apple.product-type.bundle.unit-test";
		};
		7550EDFD285F95BB0006B577 /* karrtzUITests */ = {
			isa = PBXNativeTarget;
			buildConfigurationList = 7550EE0E285F95BB0006B577 /* Build configuration list for PBXNativeTarget "karrtzUITests" */;
			buildPhases = (
				7550EDFA285F95BB0006B577 /* Sources */,
				7550EDFB285F95BB0006B577 /* Frameworks */,
				7550EDFC285F95BB0006B577 /* Resources */,
			);
			buildRules = (
			);
			dependencies = (
				7550EE00285F95BB0006B577 /* PBXTargetDependency */,
			);
			name = karrtzUITests;
			productName = karrtzUITests;
			productReference = 7550EDFE285F95BB0006B577 /* karrtzUITests.xctest */;
			productType = "com.apple.product-type.bundle.ui-testing";
		};
/* End PBXNativeTarget section */

/* Begin PBXProject section */
		7550EDD7285F95B90006B577 /* Project object */ = {
			isa = PBXProject;
			attributes = {
				BuildIndependentTargetsInParallel = 1;
				LastSwiftUpdateCheck = 1330;
				LastUpgradeCheck = 1330;
				TargetAttributes = {
					7550EDDE285F95B90006B577 = {
						CreatedOnToolsVersion = 13.3.1;
					};
					7550EDF3285F95BB0006B577 = {
						CreatedOnToolsVersion = 13.3.1;
						TestTargetID = 7550EDDE285F95B90006B577;
					};
					7550EDFD285F95BB0006B577 = {
						CreatedOnToolsVersion = 13.3.1;
						TestTargetID = 7550EDDE285F95B90006B577;
					};
				};
			};
			buildConfigurationList = 7550EDDA285F95B90006B577 /* Build configuration list for PBXProject "karrtz" */;
			compatibilityVersion = "Xcode 13.0";
			developmentRegion = en;
			hasScannedForEncodings = 0;
			knownRegions = (
				en,
				Base,
			);
			mainGroup = 7550EDD6285F95B90006B577;
			productRefGroup = 7550EDE0285F95B90006B577 /* Products */;
			projectDirPath = "";
			projectRoot = "";
			targets = (
				7550EDDE285F95B90006B577 /* karrtz */,
				7550EDF3285F95BB0006B577 /* karrtzTests */,
				7550EDFD285F95BB0006B577 /* karrtzUITests */,
			);
		};
/* End PBXProject section */

/* Begin PBXResourcesBuildPhase section */
		7550EDDD285F95B90006B577 /* Resources */ = {
			isa = PBXResourcesBuildPhase;
			buildActionMask = 2147483647;
			files = (
				7550EDEA285F95BB0006B577 /* Preview Assets.xcassets in Resources */,
				7550EDE7285F95BB0006B577 /* Assets.xcassets in Resources */,
				754A7CE22860E7AA00B306DA /* PacksData.json in Resources */,
			);
			runOnlyForDeploymentPostprocessing = 0;
		};
		7550EDF2285F95BB0006B577 /* Resources */ = {
			isa = PBXResourcesBuildPhase;
			buildActionMask = 2147483647;
			files = (
			);
			runOnlyForDeploymentPostprocessing = 0;
		};
		7550EDFC285F95BB0006B577 /* Resources */ = {
			isa = PBXResourcesBuildPhase;
			buildActionMask = 2147483647;
			files = (
			);
			runOnlyForDeploymentPostprocessing = 0;
		};
/* End PBXResourcesBuildPhase section */

/* Begin PBXSourcesBuildPhase section */
		7550EDDB285F95B90006B577 /* Sources */ = {
			isa = PBXSourcesBuildPhase;
			buildActionMask = 2147483647;
			files = (
				754A7CEE2861B58200B306DA /* CardDetail.swift in Sources */,
				754A7CD62860AA9800B306DA /* Card.swift in Sources */,
				7550EDEC285F95BB0006B577 /* Persistence.swift in Sources */,
				754A7CEA2861AEF500B306DA /* CardCell.swift in Sources */,
				754A7CE02860E4DD00B306DA /* PackRow.swift in Sources */,
				754A7CE42860EA4200B306DA /* PackList.swift in Sources */,
				7550EDEF285F95BB0006B577 /* karrtz.xcdatamodeld in Sources */,
				7550EE13285FB1040006B577 /* ContentView.swift in Sources */,
				754A7CEC2861B4F500B306DA /* CardList.swift in Sources */,
				754A7CDA2860B39D00B306DA /* Pack.swift in Sources */,
				752EE8232869E26C0030808D /* JsonExportFile.swift in Sources */,
				754A7CDE2860DDF700B306DA /* ModelData.swift in Sources */,
				7550EDE3285F95B90006B577 /* karrtzApp.swift in Sources */,
				754A7CE62860F38700B306DA /* PackDetail.swift in Sources */,
				754A7CD82860AADD00B306DA /* CardType.swift in Sources */,
			);
			runOnlyForDeploymentPostprocessing = 0;
		};
		7550EDF0285F95BB0006B577 /* Sources */ = {
			isa = PBXSourcesBuildPhase;
			buildActionMask = 2147483647;
			files = (
				7550EDF9285F95BB0006B577 /* karrtzTests.swift in Sources */,
				7550EE11285F9D8F0006B577 /* ContentView.swift in Sources */,
			);
			runOnlyForDeploymentPostprocessing = 0;
		};
		7550EDFA285F95BB0006B577 /* Sources */ = {
			isa = PBXSourcesBuildPhase;
			buildActionMask = 2147483647;
			files = (
				7550EE12285F9D8F0006B577 /* ContentView.swift in Sources */,
				7550EE05285F95BB0006B577 /* karrtzUITestsLaunchTests.swift in Sources */,
				7550EE03285F95BB0006B577 /* karrtzUITests.swift in Sources */,
			);
			runOnlyForDeploymentPostprocessing = 0;
		};
/* End PBXSourcesBuildPhase section */

/* Begin PBXTargetDependency section */
		7550EDF6285F95BB0006B577 /* PBXTargetDependency */ = {
			isa = PBXTargetDependency;
			target = 7550EDDE285F95B90006B577 /* karrtz */;
			targetProxy = 7550EDF5285F95BB0006B577 /* PBXContainerItemProxy */;
		};
		7550EE00285F95BB0006B577 /* PBXTargetDependency */ = {
			isa = PBXTargetDependency;
			target = 7550EDDE285F95B90006B577 /* karrtz */;
			targetProxy = 7550EDFF285F95BB0006B577 /* PBXContainerItemProxy */;
		};
/* End PBXTargetDependency section */

/* Begin XCBuildConfiguration section */
		7550EE06285F95BB0006B577 /* Debug */ = {
			isa = XCBuildConfiguration;
			buildSettings = {
				ALWAYS_SEARCH_USER_PATHS = NO;
				CLANG_ANALYZER_NONNULL = YES;
				CLANG_ANALYZER_NUMBER_OBJECT_CONVERSION = YES_AGGRESSIVE;
				CLANG_CXX_LANGUAGE_STANDARD = "gnu++17";
				CLANG_ENABLE_MODULES = YES;
				CLANG_ENABLE_OBJC_ARC = YES;
				CLANG_ENABLE_OBJC_WEAK = YES;
				CLANG_WARN_BLOCK_CAPTURE_AUTORELEASING = YES;
				CLANG_WARN_BOOL_CONVERSION = YES;
				CLANG_WARN_COMMA = YES;
				CLANG_WARN_CONSTANT_CONVERSION = YES;
				CLANG_WARN_DEPRECATED_OBJC_IMPLEMENTATIONS = YES;
				CLANG_WARN_DIRECT_OBJC_ISA_USAGE = YES_ERROR;
				CLANG_WARN_DOCUMENTATION_COMMENTS = YES;
				CLANG_WARN_EMPTY_BODY = YES;
				CLANG_WARN_ENUM_CONVERSION = YES;
				CLANG_WARN_INFINITE_RECURSION = YES;
				CLANG_WARN_INT_CONVERSION = YES;
				CLANG_WARN_NON_LITERAL_NULL_CONVERSION = YES;
				CLANG_WARN_OBJC_IMPLICIT_RETAIN_SELF = YES;
				CLANG_WARN_OBJC_LITERAL_CONVERSION = YES;
				CLANG_WARN_OBJC_ROOT_CLASS = YES_ERROR;
				CLANG_WARN_QUOTED_INCLUDE_IN_FRAMEWORK_HEADER = YES;
				CLANG_WARN_RANGE_LOOP_ANALYSIS = YES;
				CLANG_WARN_STRICT_PROTOTYPES = YES;
				CLANG_WARN_SUSPICIOUS_MOVE = YES;
				CLANG_WARN_UNGUARDED_AVAILABILITY = YES_AGGRESSIVE;
				CLANG_WARN_UNREACHABLE_CODE = YES;
				CLANG_WARN__DUPLICATE_METHOD_MATCH = YES;
				COPY_PHASE_STRIP = NO;
				DEBUG_INFORMATION_FORMAT = dwarf;
				ENABLE_STRICT_OBJC_MSGSEND = YES;
				ENABLE_TESTABILITY = YES;
				GCC_C_LANGUAGE_STANDARD = gnu11;
				GCC_DYNAMIC_NO_PIC = NO;
				GCC_NO_COMMON_BLOCKS = YES;
				GCC_OPTIMIZATION_LEVEL = 0;
				GCC_PREPROCESSOR_DEFINITIONS = (
					"DEBUG=1",
					"$(inherited)",
				);
				GCC_WARN_64_TO_32_BIT_CONVERSION = YES;
				GCC_WARN_ABOUT_RETURN_TYPE = YES_ERROR;
				GCC_WARN_UNDECLARED_SELECTOR = YES;
				GCC_WARN_UNINITIALIZED_AUTOS = YES_AGGRESSIVE;
				GCC_WARN_UNUSED_FUNCTION = YES;
				GCC_WARN_UNUSED_VARIABLE = YES;
				IPHONEOS_DEPLOYMENT_TARGET = 15.0;
				MTL_ENABLE_DEBUG_INFO = INCLUDE_SOURCE;
				MTL_FAST_MATH = YES;
				ONLY_ACTIVE_ARCH = YES;
				SDKROOT = iphoneos;
				SWIFT_ACTIVE_COMPILATION_CONDITIONS = DEBUG;
				SWIFT_OPTIMIZATION_LEVEL = "-Onone";
			};
			name = Debug;
		};
		7550EE07285F95BB0006B577 /* Release */ = {
			isa = XCBuildConfiguration;
			buildSettings = {
				ALWAYS_SEARCH_USER_PATHS = NO;
				CLANG_ANALYZER_NONNULL = YES;
				CLANG_ANALYZER_NUMBER_OBJECT_CONVERSION = YES_AGGRESSIVE;
				CLANG_CXX_LANGUAGE_STANDARD = "gnu++17";
				CLANG_ENABLE_MODULES = YES;
				CLANG_ENABLE_OBJC_ARC = YES;
				CLANG_ENABLE_OBJC_WEAK = YES;
				CLANG_WARN_BLOCK_CAPTURE_AUTORELEASING = YES;
				CLANG_WARN_BOOL_CONVERSION = YES;
				CLANG_WARN_COMMA = YES;
				CLANG_WARN_CONSTANT_CONVERSION = YES;
				CLANG_WARN_DEPRECATED_OBJC_IMPLEMENTATIONS = YES;
				CLANG_WARN_DIRECT_OBJC_ISA_USAGE = YES_ERROR;
				CLANG_WARN_DOCUMENTATION_COMMENTS = YES;
				CLANG_WARN_EMPTY_BODY = YES;
				CLANG_WARN_ENUM_CONVERSION = YES;
				CLANG_WARN_INFINITE_RECURSION = YES;
				CLANG_WARN_INT_CONVERSION = YES;
				CLANG_WARN_NON_LITERAL_NULL_CONVERSION = YES;
				CLANG_WARN_OBJC_IMPLICIT_RETAIN_SELF = YES;
				CLANG_WARN_OBJC_LITERAL_CONVERSION = YES;
				CLANG_WARN_OBJC_ROOT_CLASS = YES_ERROR;
				CLANG_WARN_QUOTED_INCLUDE_IN_FRAMEWORK_HEADER = YES;
				CLANG_WARN_RANGE_LOOP_ANALYSIS = YES;
				CLANG_WARN_STRICT_PROTOTYPES = YES;
				CLANG_WARN_SUSPICIOUS_MOVE = YES;
				CLANG_WARN_UNGUARDED_AVAILABILITY = YES_AGGRESSIVE;
				CLANG_WARN_UNREACHABLE_CODE = YES;
				CLANG_WARN__DUPLICATE_METHOD_MATCH = YES;
				COPY_PHASE_STRIP = NO;
				DEBUG_INFORMATION_FORMAT = "dwarf-with-dsym";
				ENABLE_NS_ASSERTIONS = NO;
				ENABLE_STRICT_OBJC_MSGSEND = YES;
				GCC_C_LANGUAGE_STANDARD = gnu11;
				GCC_NO_COMMON_BLOCKS = YES;
				GCC_WARN_64_TO_32_BIT_CONVERSION = YES;
				GCC_WARN_ABOUT_RETURN_TYPE = YES_ERROR;
				GCC_WARN_UNDECLARED_SELECTOR = YES;
				GCC_WARN_UNINITIALIZED_AUTOS = YES_AGGRESSIVE;
				GCC_WARN_UNUSED_FUNCTION = YES;
				GCC_WARN_UNUSED_VARIABLE = YES;
				IPHONEOS_DEPLOYMENT_TARGET = 15.0;
				MTL_ENABLE_DEBUG_INFO = NO;
				MTL_FAST_MATH = YES;
				SDKROOT = iphoneos;
				SWIFT_COMPILATION_MODE = wholemodule;
				SWIFT_OPTIMIZATION_LEVEL = "-O";
				VALIDATE_PRODUCT = YES;
			};
			name = Release;
		};
		7550EE09285F95BB0006B577 /* Debug */ = {
			isa = XCBuildConfiguration;
			buildSettings = {
				ASSETCATALOG_COMPILER_APPICON_NAME = AppIcon;
				ASSETCATALOG_COMPILER_GLOBAL_ACCENT_COLOR_NAME = AccentColor;
				CODE_SIGN_STYLE = Automatic;
				CURRENT_PROJECT_VERSION = 1;
				DEVELOPMENT_ASSET_PATHS = "\"karrtz/Preview Content\"";
				DEVELOPMENT_TEAM = 7RP7NR92EX;
				ENABLE_PREVIEWS = YES;
				GENERATE_INFOPLIST_FILE = YES;
				INFOPLIST_KEY_UIApplicationSceneManifest_Generation = YES;
				INFOPLIST_KEY_UIApplicationSupportsIndirectInputEvents = YES;
				INFOPLIST_KEY_UILaunchScreen_Generation = YES;
				INFOPLIST_KEY_UISupportedInterfaceOrientations_iPad = "UIInterfaceOrientationPortrait UIInterfaceOrientationPortraitUpsideDown UIInterfaceOrientationLandscapeLeft UIInterfaceOrientationLandscapeRight";
				INFOPLIST_KEY_UISupportedInterfaceOrientations_iPhone = "UIInterfaceOrientationPortrait UIInterfaceOrientationLandscapeLeft UIInterfaceOrientationLandscapeRight";
				IPHONEOS_DEPLOYMENT_TARGET = 15.0;
				LD_RUNPATH_SEARCH_PATHS = (
					"$(inherited)",
					"@executable_path/Frameworks",
				);
				MARKETING_VERSION = 1.0;
				PRODUCT_BUNDLE_IDENTIFIER = karrtz.karrtz;
				PRODUCT_NAME = "$(TARGET_NAME)";
				SWIFT_EMIT_LOC_STRINGS = YES;
				SWIFT_VERSION = 5.0;
				TARGETED_DEVICE_FAMILY = "1,2";
			};
			name = Debug;
		};
		7550EE0A285F95BB0006B577 /* Release */ = {
			isa = XCBuildConfiguration;
			buildSettings = {
				ASSETCATALOG_COMPILER_APPICON_NAME = AppIcon;
				ASSETCATALOG_COMPILER_GLOBAL_ACCENT_COLOR_NAME = AccentColor;
				CODE_SIGN_STYLE = Automatic;
				CURRENT_PROJECT_VERSION = 1;
				DEVELOPMENT_ASSET_PATHS = "\"karrtz/Preview Content\"";
				DEVELOPMENT_TEAM = 7RP7NR92EX;
				ENABLE_PREVIEWS = YES;
				GENERATE_INFOPLIST_FILE = YES;
				INFOPLIST_KEY_UIApplicationSceneManifest_Generation = YES;
				INFOPLIST_KEY_UIApplicationSupportsIndirectInputEvents = YES;
				INFOPLIST_KEY_UILaunchScreen_Generation = YES;
				INFOPLIST_KEY_UISupportedInterfaceOrientations_iPad = "UIInterfaceOrientationPortrait UIInterfaceOrientationPortraitUpsideDown UIInterfaceOrientationLandscapeLeft UIInterfaceOrientationLandscapeRight";
				INFOPLIST_KEY_UISupportedInterfaceOrientations_iPhone = "UIInterfaceOrientationPortrait UIInterfaceOrientationLandscapeLeft UIInterfaceOrientationLandscapeRight";
				IPHONEOS_DEPLOYMENT_TARGET = 15.0;
				LD_RUNPATH_SEARCH_PATHS = (
					"$(inherited)",
					"@executable_path/Frameworks",
				);
				MARKETING_VERSION = 1.0;
				PRODUCT_BUNDLE_IDENTIFIER = karrtz.karrtz;
				PRODUCT_NAME = "$(TARGET_NAME)";
				SWIFT_EMIT_LOC_STRINGS = YES;
				SWIFT_VERSION = 5.0;
				TARGETED_DEVICE_FAMILY = "1,2";
			};
			name = Release;
		};
		7550EE0C285F95BB0006B577 /* Debug */ = {
			isa = XCBuildConfiguration;
			buildSettings = {
				ALWAYS_EMBED_SWIFT_STANDARD_LIBRARIES = YES;
				BUNDLE_LOADER = "$(TEST_HOST)";
				CODE_SIGN_STYLE = Automatic;
				CURRENT_PROJECT_VERSION = 1;
				GENERATE_INFOPLIST_FILE = YES;
				IPHONEOS_DEPLOYMENT_TARGET = 15.4;
				MARKETING_VERSION = 1.0;
				PRODUCT_BUNDLE_IDENTIFIER = karrtz.karrtzTests;
				PRODUCT_NAME = "$(TARGET_NAME)";
				SWIFT_EMIT_LOC_STRINGS = NO;
				SWIFT_VERSION = 5.0;
				TARGETED_DEVICE_FAMILY = "1,2";
				TEST_HOST = "$(BUILT_PRODUCTS_DIR)/karrtz.app/karrtz";
			};
			name = Debug;
		};
		7550EE0D285F95BB0006B577 /* Release */ = {
			isa = XCBuildConfiguration;
			buildSettings = {
				ALWAYS_EMBED_SWIFT_STANDARD_LIBRARIES = YES;
				BUNDLE_LOADER = "$(TEST_HOST)";
				CODE_SIGN_STYLE = Automatic;
				CURRENT_PROJECT_VERSION = 1;
				GENERATE_INFOPLIST_FILE = YES;
				IPHONEOS_DEPLOYMENT_TARGET = 15.4;
				MARKETING_VERSION = 1.0;
				PRODUCT_BUNDLE_IDENTIFIER = karrtz.karrtzTests;
				PRODUCT_NAME = "$(TARGET_NAME)";
				SWIFT_EMIT_LOC_STRINGS = NO;
				SWIFT_VERSION = 5.0;
				TARGETED_DEVICE_FAMILY = "1,2";
				TEST_HOST = "$(BUILT_PRODUCTS_DIR)/karrtz.app/karrtz";
			};
			name = Release;
		};
		7550EE0F285F95BB0006B577 /* Debug */ = {
			isa = XCBuildConfiguration;
			buildSettings = {
				ALWAYS_EMBED_SWIFT_STANDARD_LIBRARIES = YES;
				CODE_SIGN_STYLE = Automatic;
				CURRENT_PROJECT_VERSION = 1;
				GENERATE_INFOPLIST_FILE = YES;
				MARKETING_VERSION = 1.0;
				PRODUCT_BUNDLE_IDENTIFIER = karrtz.karrtzUITests;
				PRODUCT_NAME = "$(TARGET_NAME)";
				SWIFT_EMIT_LOC_STRINGS = NO;
				SWIFT_VERSION = 5.0;
				TARGETED_DEVICE_FAMILY = "1,2";
				TEST_TARGET_NAME = karrtz;
			};
			name = Debug;
		};
		7550EE10285F95BB0006B577 /* Release */ = {
			isa = XCBuildConfiguration;
			buildSettings = {
				ALWAYS_EMBED_SWIFT_STANDARD_LIBRARIES = YES;
				CODE_SIGN_STYLE = Automatic;
				CURRENT_PROJECT_VERSION = 1;
				GENERATE_INFOPLIST_FILE = YES;
				MARKETING_VERSION = 1.0;
				PRODUCT_BUNDLE_IDENTIFIER = karrtz.karrtzUITests;
				PRODUCT_NAME = "$(TARGET_NAME)";
				SWIFT_EMIT_LOC_STRINGS = NO;
				SWIFT_VERSION = 5.0;
				TARGETED_DEVICE_FAMILY = "1,2";
				TEST_TARGET_NAME = karrtz;
			};
			name = Release;
		};
/* End XCBuildConfiguration section */

/* Begin XCConfigurationList section */
		7550EDDA285F95B90006B577 /* Build configuration list for PBXProject "karrtz" */ = {
			isa = XCConfigurationList;
			buildConfigurations = (
				7550EE06285F95BB0006B577 /* Debug */,
				7550EE07285F95BB0006B577 /* Release */,
			);
			defaultConfigurationIsVisible = 0;
			defaultConfigurationName = Release;
		};
		7550EE08285F95BB0006B577 /* Build configuration list for PBXNativeTarget "karrtz" */ = {
			isa = XCConfigurationList;
			buildConfigurations = (
				7550EE09285F95BB0006B577 /* Debug */,
				7550EE0A285F95BB0006B577 /* Release */,
			);
			defaultConfigurationIsVisible = 0;
			defaultConfigurationName = Release;
		};
		7550EE0B285F95BB0006B577 /* Build configuration list for PBXNativeTarget "karrtzTests" */ = {
			isa = XCConfigurationList;
			buildConfigurations = (
				7550EE0C285F95BB0006B577 /* Debug */,
				7550EE0D285F95BB0006B577 /* Release */,
			);
			defaultConfigurationIsVisible = 0;
			defaultConfigurationName = Release;
		};
		7550EE0E285F95BB0006B577 /* Build configuration list for PBXNativeTarget "karrtzUITests" */ = {
			isa = XCConfigurationList;
			buildConfigurations = (
				7550EE0F285F95BB0006B577 /* Debug */,
				7550EE10285F95BB0006B577 /* Release */,
			);
			defaultConfigurationIsVisible = 0;
			defaultConfigurationName = Release;
		};
/* End XCConfigurationList section */

/* Begin XCVersionGroup section */
		7550EDED285F95BB0006B577 /* karrtz.xcdatamodeld */ = {
			isa = XCVersionGroup;
			children = (
				7550EDEE285F95BB0006B577 /* karrtz.xcdatamodel */,
			);
			currentVersion = 7550EDEE285F95BB0006B577 /* karrtz.xcdatamodel */;
			path = karrtz.xcdatamodeld;
			sourceTree = "<group>";
			versionGroupType = wrapper.xcdatamodel;
		};
/* End XCVersionGroup section */
	};
	rootObject = 7550EDD7285F95B90006B577 /* Project object */;
}
